[root]
name = "llamapun"
version = "0.0.1"
dependencies = [
 "libc 0.1.8 (registry+https://github.com/rust-lang/crates.io-index)",
 "regex 0.1.33 (registry+https://github.com/rust-lang/crates.io-index)",
 "rustlibxml 0.0.1 (git+https://github.com/jfschaefer/rust-libxml.git)",
]

[[package]]
name = "libc"
version = "0.1.8"
source = "registry+https://github.com/rust-lang/crates.io-index"

[[package]]
name = "regex"
version = "0.1.33"
source = "registry+https://github.com/rust-lang/crates.io-index"
dependencies = [
 "regex-syntax 0.1.2 (registry+https://github.com/rust-lang/crates.io-index)",
]

[[package]]
name = "regex-syntax"
version = "0.1.2"
source = "registry+https://github.com/rust-lang/crates.io-index"

[[package]]
name = "rustlibxml"
version = "0.0.1"
source = "git+https://github.com/jfschaefer/rust-libxml.git#b4ddbf4bdf4f2170edf7decef23672421e444e1d"
dependencies = [
 "libc 0.1.8 (registry+https://github.com/rust-lang/crates.io-index)",
]

